
Microsoft Visual Studio Solution File, Format Version 12.00
# Visual Studio Version 16
VisualStudioVersion = 16.0.29519.87
MinimumVisualStudioVersion = 10.0.40219.1
Project("{2150E333-8FDC-42A3-9474-1A3956D46DE8}") = "Solution Items", "Solution Items", "{7484E05D-3E03-498B-AA98-A49AE2D9D488}"
	ProjectSection(SolutionItems) = preProject
		LICENSE = LICENSE
		README.md = README.md
		versions.md = versions.md
	EndProjectSection
EndProject
Project("{2150E333-8FDC-42A3-9474-1A3956D46DE8}") = "v1", "v1", "{CE7CBD74-507A-45D1-BF02-CF1B433A7D0D}"
EndProject
Project("{9A19103F-16F7-4668-BE54-9A1E7A4F7556}") = "Benchmark", "v1\Benchmark\Benchmark.csproj", "{E77139A2-E448-43B6-959F-C6543AD32E9A}"
EndProject
Project("{9A19103F-16F7-4668-BE54-9A1E7A4F7556}") = "Roy-T.AStar", "v1\Roy-T.AStar\Roy-T.AStar.csproj", "{8F3A4DD0-2B68-4FE2-B14F-096B08C56483}"
EndProject
Project("{FAE04EC0-301F-11D3-BF4B-00C04F79EFBC}") = "UnitTests", "v1\UnitTests\UnitTests.csproj", "{8A26B338-121D-4AA3-AACF-8E3F4686F406}"
EndProject
Project("{FAE04EC0-301F-11D3-BF4B-00C04F79EFBC}") = "Viewer", "v1\Viewer\Viewer.csproj", "{A30DC8F8-7278-4A2D-BDCF-3215CCE85E30}"
EndProject
Project("{2150E333-8FDC-42A3-9474-1A3956D46DE8}") = "v2", "v2", "{C60CC5AB-915F-43AF-A6C5-1D579A48E49F}"
EndProject
Project("{FAE04EC0-301F-11D3-BF4B-00C04F79EFBC}") = "Roy-T.AStar.V2", "v2\Roy-T.AStar.V2\Roy-T.AStar.V2.csproj", "{A69D95C2-B46A-49DA-9596-9ABAB10D3F1B}"
EndProject
Global
	GlobalSection(SolutionConfigurationPlatforms) = preSolution
		Debug|Any CPU = Debug|Any CPU
		Release|Any CPU = Release|Any CPU
	EndGlobalSection
	GlobalSection(ProjectConfigurationPlatforms) = postSolution
		{E77139A2-E448-43B6-959F-C6543AD32E9A}.Debug|Any CPU.ActiveCfg = Debug|Any CPU
		{E77139A2-E448-43B6-959F-C6543AD32E9A}.Debug|Any CPU.Build.0 = Debug|Any CPU
		{E77139A2-E448-43B6-959F-C6543AD32E9A}.Release|Any CPU.ActiveCfg = Release|Any CPU
		{E77139A2-E448-43B6-959F-C6543AD32E9A}.Release|Any CPU.Build.0 = Release|Any CPU
		{8F3A4DD0-2B68-4FE2-B14F-096B08C56483}.Debug|Any CPU.ActiveCfg = Debug|Any CPU
		{8F3A4DD0-2B68-4FE2-B14F-096B08C56483}.Debug|Any CPU.Build.0 = Debug|Any CPU
		{8F3A4DD0-2B68-4FE2-B14F-096B08C56483}.Release|Any CPU.ActiveCfg = Release|Any CPU
		{8F3A4DD0-2B68-4FE2-B14F-096B08C56483}.Release|Any CPU.Build.0 = Release|Any CPU
		{8A26B338-121D-4AA3-AACF-8E3F4686F406}.Debug|Any CPU.ActiveCfg = Debug|Any CPU
		{8A26B338-121D-4AA3-AACF-8E3F4686F406}.Debug|Any CPU.Build.0 = Debug|Any CPU
		{8A26B338-121D-4AA3-AACF-8E3F4686F406}.Release|Any CPU.ActiveCfg = Release|Any CPU
		{8A26B338-121D-4AA3-AACF-8E3F4686F406}.Release|Any CPU.Build.0 = Release|Any CPU
		{A30DC8F8-7278-4A2D-BDCF-3215CCE85E30}.Debug|Any CPU.ActiveCfg = Debug|Any CPU
		{A30DC8F8-7278-4A2D-BDCF-3215CCE85E30}.Debug|Any CPU.Build.0 = Debug|Any CPU
		{A30DC8F8-7278-4A2D-BDCF-3215CCE85E30}.Release|Any CPU.ActiveCfg = Release|Any CPU
		{A30DC8F8-7278-4A2D-BDCF-3215CCE85E30}.Release|Any CPU.Build.0 = Release|Any CPU
		{A69D95C2-B46A-49DA-9596-9ABAB10D3F1B}.Debug|Any CPU.ActiveCfg = Debug|Any CPU
		{A69D95C2-B46A-49DA-9596-9ABAB10D3F1B}.Debug|Any CPU.Build.0 = Debug|Any CPU
		{A69D95C2-B46A-49DA-9596-9ABAB10D3F1B}.Release|Any CPU.ActiveCfg = Release|Any CPU
		{A69D95C2-B46A-49DA-9596-9ABAB10D3F1B}.Release|Any CPU.Build.0 = Release|Any CPU
	EndGlobalSection
	GlobalSection(SolutionProperties) = preSolution
		HideSolutionNode = FALSE
	EndGlobalSection
	GlobalSection(NestedProjects) = preSolution
		{E77139A2-E448-43B6-959F-C6543AD32E9A} = {CE7CBD74-507A-45D1-BF02-CF1B433A7D0D}
		{8F3A4DD0-2B68-4FE2-B14F-096B08C56483} = {CE7CBD74-507A-45D1-BF02-CF1B433A7D0D}
		{8A26B338-121D-4AA3-AACF-8E3F4686F406} = {CE7CBD74-507A-45D1-BF02-CF1B433A7D0D}
		{A30DC8F8-7278-4A2D-BDCF-3215CCE85E30} = {CE7CBD74-507A-45D1-BF02-CF1B433A7D0D}
		{A69D95C2-B46A-49DA-9596-9ABAB10D3F1B} = {C60CC5AB-915F-43AF-A6C5-1D579A48E49F}
	EndGlobalSection
	GlobalSection(ExtensibilityGlobals) = postSolution
		SolutionGuid = {0444D9DA-E5C8-4826-BE0F-4EB151D23592}
	EndGlobalSection
EndGlobal
